
Microsoft Visual Studio Solution File, Format Version 12.00
# Visual Studio 2013
VisualStudioVersion = 12.0.31101.0
MinimumVisualStudioVersion = 10.0.40219.1
Project("{2150E333-8FDC-42A3-9474-1A3956D46DE8}") = ".paket", ".paket", "{15D7578E-5B33-46A1-B223-2DC40C064CEB}"
	ProjectSection(SolutionItems) = preProject
		paket.dependencies = paket.dependencies
	EndProjectSection
EndProject
Project("{FAE04EC0-301F-11D3-BF4B-00C04F79EFBC}") = "Funcy", "Funcy\Funcy.csproj", "{5D968533-89B6-47D7-821C-36675057C481}"
EndProject
Project("{F2A71F9B-5D33-465A-A702-920D77279786}") = "Funcy.Test", "Funcy.Test\Funcy.Test.fsproj", "{CC17A4AE-0DD9-494C-9A75-71F5CE5798E7}"
EndProject
Global
	GlobalSection(SolutionConfigurationPlatforms) = preSolution
		Debug|Any CPU = Debug|Any CPU
		Release|Any CPU = Release|Any CPU
	EndGlobalSection
	GlobalSection(ProjectConfigurationPlatforms) = postSolution
		{5D968533-89B6-47D7-821C-36675057C481}.Debug|Any CPU.ActiveCfg = Debug|Any CPU
		{5D968533-89B6-47D7-821C-36675057C481}.Debug|Any CPU.Build.0 = Debug|Any CPU
		{5D968533-89B6-47D7-821C-36675057C481}.Release|Any CPU.ActiveCfg = Release|Any CPU
		{5D968533-89B6-47D7-821C-36675057C481}.Release|Any CPU.Build.0 = Release|Any CPU
		{CC17A4AE-0DD9-494C-9A75-71F5CE5798E7}.Debug|Any CPU.ActiveCfg = Debug|Any CPU
		{CC17A4AE-0DD9-494C-9A75-71F5CE5798E7}.Debug|Any CPU.Build.0 = Debug|Any CPU
		{CC17A4AE-0DD9-494C-9A75-71F5CE5798E7}.Release|Any CPU.ActiveCfg = Release|Any CPU
	EndGlobalSection
	GlobalSection(SolutionProperties) = preSolution
		HideSolutionNode = FALSE
	EndGlobalSection
EndGlobal
